
Microsoft Visual Studio Solution File, Format Version 12.00
# Visual Studio 2013
VisualStudioVersion = 12.0.21005.1
MinimumVisualStudioVersion = 10.0.40219.1
Project("{FAE04EC0-301F-11D3-BF4B-00C04F79EFBC}") = "WeatherWidge", "WeatherWidge\WeatherWidge.csproj", "{90351F9A-3DF4-4F28-B479-3567CD8BD175}"
EndProject
Global
	GlobalSection(SolutionConfigurationPlatforms) = preSolution
		Debug|Any CPU = Debug|Any CPU
		Release|Any CPU = Release|Any CPU
	EndGlobalSection
	GlobalSection(ProjectConfigurationPlatforms) = postSolution
		{90351F9A-3DF4-4F28-B479-3567CD8BD175}.Debug|Any CPU.ActiveCfg = Debug|Any CPU
		{90351F9A-3DF4-4F28-B479-3567CD8BD175}.Debug|Any CPU.Build.0 = Debug|Any CPU
		{90351F9A-3DF4-4F28-B479-3567CD8BD175}.Release|Any CPU.ActiveCfg = Release|Any CPU
		{90351F9A-3DF4-4F28-B479-3567CD8BD175}.Release|Any CPU.Build.0 = Release|Any CPU
	EndGlobalSection
	GlobalSection(SolutionProperties) = preSolution
		HideSolutionNode = FALSE
	EndGlobalSection
EndGlobal
